
Microsoft Visual Studio Solution File, Format Version 12.00
# Visual Studio 15
VisualStudioVersion = 15.0.26228.4
MinimumVisualStudioVersion = 10.0.40219.1
Project("{9A19103F-16F7-4668-BE54-9A1E7A4F7556}") = "myapi", "myapi.csproj", "{C3510388-CE63-4737-BEED-24EDAAC13D6C}"
EndProject
Project("{E53339B2-1760-4266-BCC7-CA923CBCF16C}") = "docker-compose", "docker-compose.dcproj", "{BFB629C8-0AD3-4E51-BC33-E85070494EFC}"
EndProject
Global
	GlobalSection(SolutionConfigurationPlatforms) = preSolution
		Debug|Any CPU = Debug|Any CPU
		Release|Any CPU = Release|Any CPU
	EndGlobalSection
	GlobalSection(ProjectConfigurationPlatforms) = postSolution
		{C3510388-CE63-4737-BEED-24EDAAC13D6C}.Debug|Any CPU.ActiveCfg = Debug|Any CPU
		{C3510388-CE63-4737-BEED-24EDAAC13D6C}.Debug|Any CPU.Build.0 = Debug|Any CPU
		{C3510388-CE63-4737-BEED-24EDAAC13D6C}.Release|Any CPU.ActiveCfg = Release|Any CPU
		{C3510388-CE63-4737-BEED-24EDAAC13D6C}.Release|Any CPU.Build.0 = Release|Any CPU
		{BFB629C8-0AD3-4E51-BC33-E85070494EFC}.Debug|Any CPU.ActiveCfg = Debug|Any CPU
		{BFB629C8-0AD3-4E51-BC33-E85070494EFC}.Debug|Any CPU.Build.0 = Debug|Any CPU
		{BFB629C8-0AD3-4E51-BC33-E85070494EFC}.Release|Any CPU.ActiveCfg = Release|Any CPU
		{BFB629C8-0AD3-4E51-BC33-E85070494EFC}.Release|Any CPU.Build.0 = Release|Any CPU
	EndGlobalSection
	GlobalSection(SolutionProperties) = preSolution
		HideSolutionNode = FALSE
	EndGlobalSection
EndGlobal
